{
  "name": "gbif-backbone",
  "lockfileVersion": 2,
  "requires": true,
  "packages": {
    "": {
      "dependencies": {
        "csv-parse": "^5.3.2",
        "csv-stringify": "^6.2.2",
        "stream-transform": "^3.2.1"
      }
    },
    "node_modules/csv-parse": {
      "version": "5.3.2",
      "resolved": "https://registry.npmjs.org/csv-parse/-/csv-parse-5.3.2.tgz",
      "integrity": "sha512-3jQ/JMs+voKxr4vwpmElS1d37J0o6rQdQyEKoPyA9HG8fYczpLaBJnmp5ykvkXL8ZeEGVP0qwLU645BZVykXKw=="
    },
    "node_modules/csv-stringify": {
      "version": "6.2.2",
      "resolved": "https://registry.npmjs.org/csv-stringify/-/csv-stringify-6.2.2.tgz",
      "integrity": "sha512-spGNdHxkAgoKk9ChAIR/k8JSFmvAyUQvODPUss5Djqgm/wBuU9qBRuGZ04LTAsGGnClQ8hD4TFz+hbBf1gpTMg=="
    },
    "node_modules/stream-transform": {
      "version": "3.2.1",
      "resolved": "https://registry.npmjs.org/stream-transform/-/stream-transform-3.2.1.tgz",
      "integrity": "sha512-ApK+WTJ5bCOf0A2tlec1qhvr8bGEBM/sgXXB7mysdCYgZJO5DZeaV3h3G+g0HnAQ372P5IhiGqnW29zoLOfTzQ=="
    }
  },
  "dependencies": {
    "csv-parse": {
      "version": "5.3.2",
      "resolved": "https://registry.npmjs.org/csv-parse/-/csv-parse-5.3.2.tgz",
      "integrity": "sha512-3jQ/JMs+voKxr4vwpmElS1d37J0o6rQdQyEKoPyA9HG8fYczpLaBJnmp5ykvkXL8ZeEGVP0qwLU645BZVykXKw=="
    },
    "csv-stringify": {
      "version": "6.2.2",
      "resolved": "https://registry.npmjs.org/csv-stringify/-/csv-stringify-6.2.2.tgz",
      "integrity": "sha512-spGNdHxkAgoKk9ChAIR/k8JSFmvAyUQvODPUss5Djqgm/wBuU9qBRuGZ04LTAsGGnClQ8hD4TFz+hbBf1gpTMg=="
    },
    "stream-transform": {
      "version": "3.2.1",
      "resolved": "https://registry.npmjs.org/stream-transform/-/stream-transform-3.2.1.tgz",
      "integrity": "sha512-ApK+WTJ5bCOf0A2tlec1qhvr8bGEBM/sgXXB7mysdCYgZJO5DZeaV3h3G+g0HnAQ372P5IhiGqnW29zoLOfTzQ=="
    }
  }
}
